
Microsoft Visual Studio Solution File, Format Version 12.00
# Visual Studio 15
VisualStudioVersion = 15.0.28010.2046
MinimumVisualStudioVersion = 10.0.40219.1
Project("{FAE04EC0-301F-11D3-BF4B-00C04F79EFBC}") = "ASantosSchedulingApp", "ASantosSchedulingApp\ASantosSchedulingApp.csproj", "{4B57A262-EB39-4D5C-844E-F04F644F9C78}"
EndProject
Global
	GlobalSection(SolutionConfigurationPlatforms) = preSolution
		Debug|Any CPU = Debug|Any CPU
		Release|Any CPU = Release|Any CPU
	EndGlobalSection
	GlobalSection(ProjectConfigurationPlatforms) = postSolution
		{4B57A262-EB39-4D5C-844E-F04F644F9C78}.Debug|Any CPU.ActiveCfg = Debug|Any CPU
		{4B57A262-EB39-4D5C-844E-F04F644F9C78}.Debug|Any CPU.Build.0 = Debug|Any CPU
		{4B57A262-EB39-4D5C-844E-F04F644F9C78}.Release|Any CPU.ActiveCfg = Release|Any CPU
		{4B57A262-EB39-4D5C-844E-F04F644F9C78}.Release|Any CPU.Build.0 = Release|Any CPU
	EndGlobalSection
	GlobalSection(SolutionProperties) = preSolution
		HideSolutionNode = FALSE
	EndGlobalSection
	GlobalSection(ExtensibilityGlobals) = postSolution
		SolutionGuid = {5A919E16-3D4E-4620-98A8-3DAB9505C682}
	EndGlobalSection
EndGlobal
